
Microsoft Visual Studio Solution File, Format Version 12.00
# Visual Studio Version 17
VisualStudioVersion = 17.7.34031.279
MinimumVisualStudioVersion = 10.0.40219.1
Project("{FAE04EC0-301F-11D3-BF4B-00C04F79EFBC}") = "BraveBypass", "BraveBypass\BraveBypass.csproj", "{A08E6580-4971-49A1-8DD0-CE4400B46F65}"
EndProject
Global
	GlobalSection(SolutionConfigurationPlatforms) = preSolution
		Debug|Any CPU = Debug|Any CPU
		Release|Any CPU = Release|Any CPU
	EndGlobalSection
	GlobalSection(ProjectConfigurationPlatforms) = postSolution
		{A08E6580-4971-49A1-8DD0-CE4400B46F65}.Debug|Any CPU.ActiveCfg = Debug|Any CPU
		{A08E6580-4971-49A1-8DD0-CE4400B46F65}.Debug|Any CPU.Build.0 = Debug|Any CPU
		{A08E6580-4971-49A1-8DD0-CE4400B46F65}.Release|Any CPU.ActiveCfg = Release|Any CPU
		{A08E6580-4971-49A1-8DD0-CE4400B46F65}.Release|Any CPU.Build.0 = Release|Any CPU
	EndGlobalSection
	GlobalSection(SolutionProperties) = preSolution
		HideSolutionNode = FALSE
	EndGlobalSection
	GlobalSection(ExtensibilityGlobals) = postSolution
		SolutionGuid = {C1DD5A86-17B3-41F2-95FA-3F6966CEB95C}
	EndGlobalSection
EndGlobal
